// !$*UTF8*$!
{
	archiveVersion = 1;
	classes = {
	};
	objectVersion = 51;
	objects = {

/* Begin PBXBuildFile section */
		656AC6F323D61610004C28E7 /* AppDelegate.swift in Sources */ = {isa = PBXBuildFile; fileRef = 656AC6F223D61610004C28E7 /* AppDelegate.swift */; };
		656AC6F523D61610004C28E7 /* SceneDelegate.swift in Sources */ = {isa = PBXBuildFile; fileRef = 656AC6F423D61610004C28E7 /* SceneDelegate.swift */; };
		656AC6F723D61610004C28E7 /* ViewController.swift in Sources */ = {isa = PBXBuildFile; fileRef = 656AC6F623D61610004C28E7 /* ViewController.swift */; };
		656AC6FA23D61610004C28E7 /* Main.storyboard in Resources */ = {isa = PBXBuildFile; fileRef = 656AC6F823D61610004C28E7 /* Main.storyboard */; };
		656AC6FC23D61612004C28E7 /* Assets.xcassets in Resources */ = {isa = PBXBuildFile; fileRef = 656AC6FB23D61612004C28E7 /* Assets.xcassets */; };
		656AC6FF23D61612004C28E7 /* LaunchScreen.storyboard in Resources */ = {isa = PBXBuildFile; fileRef = 656AC6FD23D61612004C28E7 /* LaunchScreen.storyboard */; };
		656AC70A23D61613004C28E7 /* FirebaseAthletesTestTests.swift in Sources */ = {isa = PBXBuildFile; fileRef = 656AC70923D61613004C28E7 /* FirebaseAthletesTestTests.swift */; };
		656AC71523D6174A004C28E7 /* GoogleService-Info.plist in Resources */ = {isa = PBXBuildFile; fileRef = 656AC71423D6174A004C28E7 /* GoogleService-Info.plist */; };
		656AC71923D61DEE004C28E7 /* FirebaseModel.swift in Sources */ = {isa = PBXBuildFile; fileRef = 656AC71823D61DEE004C28E7 /* FirebaseModel.swift */; };
		656AC71C23D61E58004C28E7 /* User.swift in Sources */ = {isa = PBXBuildFile; fileRef = 656AC71B23D61E58004C28E7 /* User.swift */; };
		656AC71E23D6236F004C28E7 /* UserList.swift in Sources */ = {isa = PBXBuildFile; fileRef = 656AC71D23D6236F004C28E7 /* UserList.swift */; };
		656AC72023D62CCE004C28E7 /* Firebase+extension.swift in Sources */ = {isa = PBXBuildFile; fileRef = 656AC71F23D62CCE004C28E7 /* Firebase+extension.swift */; };
		656AC72723D631A6004C28E7 /* UserCollectionViewCell.swift in Sources */ = {isa = PBXBuildFile; fileRef = 656AC72523D631A6004C28E7 /* UserCollectionViewCell.swift */; };
		656AC72823D631A6004C28E7 /* UserCollectionViewCell.xib in Resources */ = {isa = PBXBuildFile; fileRef = 656AC72623D631A6004C28E7 /* UserCollectionViewCell.xib */; };
		65738DA023D63B6C008EEF24 /* String+stringMatching.swift in Sources */ = {isa = PBXBuildFile; fileRef = 65738D9F23D63B6C008EEF24 /* String+stringMatching.swift */; };
		881C0387B53CB04B3B7FD074 /* Pods_FirebaseAthletesTestTests.framework in Frameworks */ = {isa = PBXBuildFile; fileRef = B08279C0FDDA03292E70B48C /* Pods_FirebaseAthletesTestTests.framework */; };
		CEA59B5D2CE42011F926B03D /* Pods_FirebaseAthletesTest.framework in Frameworks */ = {isa = PBXBuildFile; fileRef = B4B045C1E82B15D6A1789674 /* Pods_FirebaseAthletesTest.framework */; };
/* End PBXBuildFile section */

/* Begin PBXContainerItemProxy section */
		656AC70623D61613004C28E7 /* PBXContainerItemProxy */ = {
			isa = PBXContainerItemProxy;
			containerPortal = 656AC6E723D61610004C28E7 /* Project object */;
			proxyType = 1;
			remoteGlobalIDString = 656AC6EE23D61610004C28E7;
			remoteInfo = FirebaseAthletesTest;
		};
/* End PBXContainerItemProxy section */

/* Begin PBXFileReference section */
		1903C466FA70A6D75FDB39EC /* Pods-FirebaseAthletesTestTests.release.xcconfig */ = {isa = PBXFileReference; includeInIndex = 1; lastKnownFileType = text.xcconfig; name = "Pods-FirebaseAthletesTestTests.release.xcconfig"; path = "Target Support Files/Pods-FirebaseAthletesTestTests/Pods-FirebaseAthletesTestTests.release.xcconfig"; sourceTree = "<group>"; };
		656AC6EF23D61610004C28E7 /* FirebaseAthletesTest.app */ = {isa = PBXFileReference; explicitFileType = wrapper.application; includeInIndex = 0; path = FirebaseAthletesTest.app; sourceTree = BUILT_PRODUCTS_DIR; };
		656AC6F223D61610004C28E7 /* AppDelegate.swift */ = {isa = PBXFileReference; lastKnownFileType = sourcecode.swift; path = AppDelegate.swift; sourceTree = "<group>"; };
		656AC6F423D61610004C28E7 /* SceneDelegate.swift */ = {isa = PBXFileReference; lastKnownFileType = sourcecode.swift; path = SceneDelegate.swift; sourceTree = "<group>"; };
		656AC6F623D61610004C28E7 /* ViewController.swift */ = {isa = PBXFileReference; lastKnownFileType = sourcecode.swift; path = ViewController.swift; sourceTree = "<group>"; };
		656AC6F923D61610004C28E7 /* Base */ = {isa = PBXFileReference; lastKnownFileType = file.storyboard; name = Base; path = Base.lproj/Main.storyboard; sourceTree = "<group>"; };
		656AC6FB23D61612004C28E7 /* Assets.xcassets */ = {isa = PBXFileReference; lastKnownFileType = folder.assetcatalog; path = Assets.xcassets; sourceTree = "<group>"; };
		656AC6FE23D61612004C28E7 /* Base */ = {isa = PBXFileReference; lastKnownFileType = file.storyboard; name = Base; path = Base.lproj/LaunchScreen.storyboard; sourceTree = "<group>"; };
		656AC70023D61612004C28E7 /* Info.plist */ = {isa = PBXFileReference; lastKnownFileType = text.plist.xml; path = Info.plist; sourceTree = "<group>"; };
		656AC70523D61613004C28E7 /* FirebaseAthletesTestTests.xctest */ = {isa = PBXFileReference; explicitFileType = wrapper.cfbundle; includeInIndex = 0; path = FirebaseAthletesTestTests.xctest; sourceTree = BUILT_PRODUCTS_DIR; };
		656AC70923D61613004C28E7 /* FirebaseAthletesTestTests.swift */ = {isa = PBXFileReference; lastKnownFileType = sourcecode.swift; path = FirebaseAthletesTestTests.swift; sourceTree = "<group>"; };
		656AC70B23D61613004C28E7 /* Info.plist */ = {isa = PBXFileReference; lastKnownFileType = text.plist.xml; path = Info.plist; sourceTree = "<group>"; };
		656AC71423D6174A004C28E7 /* GoogleService-Info.plist */ = {isa = PBXFileReference; fileEncoding = 4; lastKnownFileType = text.plist.xml; path = "GoogleService-Info.plist"; sourceTree = "<group>"; };
		656AC71823D61DEE004C28E7 /* FirebaseModel.swift */ = {isa = PBXFileReference; lastKnownFileType = sourcecode.swift; path = FirebaseModel.swift; sourceTree = "<group>"; };
		656AC71B23D61E58004C28E7 /* User.swift */ = {isa = PBXFileReference; lastKnownFileType = sourcecode.swift; path = User.swift; sourceTree = "<group>"; };
		656AC71D23D6236F004C28E7 /* UserList.swift */ = {isa = PBXFileReference; lastKnownFileType = sourcecode.swift; path = UserList.swift; sourceTree = "<group>"; };
		656AC71F23D62CCE004C28E7 /* Firebase+extension.swift */ = {isa = PBXFileReference; lastKnownFileType = sourcecode.swift; path = "Firebase+extension.swift"; sourceTree = "<group>"; };
		656AC72523D631A6004C28E7 /* UserCollectionViewCell.swift */ = {isa = PBXFileReference; lastKnownFileType = sourcecode.swift; path = UserCollectionViewCell.swift; sourceTree = "<group>"; };
		656AC72623D631A6004C28E7 /* UserCollectionViewCell.xib */ = {isa = PBXFileReference; lastKnownFileType = file.xib; path = UserCollectionViewCell.xib; sourceTree = "<group>"; };
		65738D9F23D63B6C008EEF24 /* String+stringMatching.swift */ = {isa = PBXFileReference; lastKnownFileType = sourcecode.swift; path = "String+stringMatching.swift"; sourceTree = "<group>"; };
		AF8DF85B56302D67B12FBF65 /* Pods-FirebaseAthletesTestTests.debug.xcconfig */ = {isa = PBXFileReference; includeInIndex = 1; lastKnownFileType = text.xcconfig; name = "Pods-FirebaseAthletesTestTests.debug.xcconfig"; path = "Target Support Files/Pods-FirebaseAthletesTestTests/Pods-FirebaseAthletesTestTests.debug.xcconfig"; sourceTree = "<group>"; };
		B08279C0FDDA03292E70B48C /* Pods_FirebaseAthletesTestTests.framework */ = {isa = PBXFileReference; explicitFileType = wrapper.framework; includeInIndex = 0; path = Pods_FirebaseAthletesTestTests.framework; sourceTree = BUILT_PRODUCTS_DIR; };
		B36483CE0E7D1EB47D43D35B /* Pods-FirebaseAthletesTest.debug.xcconfig */ = {isa = PBXFileReference; includeInIndex = 1; lastKnownFileType = text.xcconfig; name = "Pods-FirebaseAthletesTest.debug.xcconfig"; path = "Target Support Files/Pods-FirebaseAthletesTest/Pods-FirebaseAthletesTest.debug.xcconfig"; sourceTree = "<group>"; };
		B4B045C1E82B15D6A1789674 /* Pods_FirebaseAthletesTest.framework */ = {isa = PBXFileReference; explicitFileType = wrapper.framework; includeInIndex = 0; path = Pods_FirebaseAthletesTest.framework; sourceTree = BUILT_PRODUCTS_DIR; };
		BC3F071BA78D38767441A289 /* Pods-FirebaseAthletesTest.release.xcconfig */ = {isa = PBXFileReference; includeInIndex = 1; lastKnownFileType = text.xcconfig; name = "Pods-FirebaseAthletesTest.release.xcconfig"; path = "Target Support Files/Pods-FirebaseAthletesTest/Pods-FirebaseAthletesTest.release.xcconfig"; sourceTree = "<group>"; };
/* End PBXFileReference section */

/* Begin PBXFrameworksBuildPhase section */
		656AC6EC23D61610004C28E7 /* Frameworks */ = {
			isa = PBXFrameworksBuildPhase;
			buildActionMask = 2147483647;
			files = (
				CEA59B5D2CE42011F926B03D /* Pods_FirebaseAthletesTest.framework in Frameworks */,
			);
			runOnlyForDeploymentPostprocessing = 0;
		};
		656AC70223D61613004C28E7 /* Frameworks */ = {
			isa = PBXFrameworksBuildPhase;
			buildActionMask = 2147483647;
			files = (
				881C0387B53CB04B3B7FD074 /* Pods_FirebaseAthletesTestTests.framework in Frameworks */,
			);
			runOnlyForDeploymentPostprocessing = 0;
		};
/* End PBXFrameworksBuildPhase section */

/* Begin PBXGroup section */
		1E0906041D77D677B04A01AA /* Frameworks */ = {
			isa = PBXGroup;
			children = (
				B4B045C1E82B15D6A1789674 /* Pods_FirebaseAthletesTest.framework */,
				B08279C0FDDA03292E70B48C /* Pods_FirebaseAthletesTestTests.framework */,
			);
			name = Frameworks;
			sourceTree = "<group>";
		};
		656AC6E623D61610004C28E7 = {
			isa = PBXGroup;
			children = (
				656AC6F123D61610004C28E7 /* FirebaseAthletesTest */,
				656AC70823D61613004C28E7 /* FirebaseAthletesTestTests */,
				656AC6F023D61610004C28E7 /* Products */,
				D4743FF40CC0EDCD67545CEC /* Pods */,
				1E0906041D77D677B04A01AA /* Frameworks */,
			);
			sourceTree = "<group>";
		};
		656AC6F023D61610004C28E7 /* Products */ = {
			isa = PBXGroup;
			children = (
				656AC6EF23D61610004C28E7 /* FirebaseAthletesTest.app */,
				656AC70523D61613004C28E7 /* FirebaseAthletesTestTests.xctest */,
			);
			name = Products;
			sourceTree = "<group>";
		};
		656AC6F123D61610004C28E7 /* FirebaseAthletesTest */ = {
			isa = PBXGroup;
			children = (
				656AC71A23D61E4D004C28E7 /* Models */,
				656AC71623D61DDA004C28E7 /* Utils */,
				656AC72123D63178004C28E7 /* Modules */,
				656AC6F223D61610004C28E7 /* AppDelegate.swift */,
				656AC6F423D61610004C28E7 /* SceneDelegate.swift */,
				656AC6F823D61610004C28E7 /* Main.storyboard */,
				656AC6FB23D61612004C28E7 /* Assets.xcassets */,
				656AC6FD23D61612004C28E7 /* LaunchScreen.storyboard */,
				656AC70023D61612004C28E7 /* Info.plist */,
				656AC71423D6174A004C28E7 /* GoogleService-Info.plist */,
			);
			path = FirebaseAthletesTest;
			sourceTree = "<group>";
		};
		656AC70823D61613004C28E7 /* FirebaseAthletesTestTests */ = {
			isa = PBXGroup;
			children = (
				656AC70923D61613004C28E7 /* FirebaseAthletesTestTests.swift */,
				656AC70B23D61613004C28E7 /* Info.plist */,
			);
			path = FirebaseAthletesTestTests;
			sourceTree = "<group>";
		};
		656AC71623D61DDA004C28E7 /* Utils */ = {
			isa = PBXGroup;
			children = (
				65738D9E23D63B5F008EEF24 /* Extensions */,
				656AC71723D61DE1004C28E7 /* Firebase */,
			);
			path = Utils;
			sourceTree = "<group>";
		};
		656AC71723D61DE1004C28E7 /* Firebase */ = {
			isa = PBXGroup;
			children = (
				656AC71823D61DEE004C28E7 /* FirebaseModel.swift */,
				656AC71F23D62CCE004C28E7 /* Firebase+extension.swift */,
			);
			path = Firebase;
			sourceTree = "<group>";
		};
		656AC71A23D61E4D004C28E7 /* Models */ = {
			isa = PBXGroup;
			children = (
				656AC71B23D61E58004C28E7 /* User.swift */,
				656AC71D23D6236F004C28E7 /* UserList.swift */,
			);
			path = Models;
			sourceTree = "<group>";
		};
		656AC72123D63178004C28E7 /* Modules */ = {
			isa = PBXGroup;
			children = (
				656AC72323D63187004C28E7 /* Detail */,
				656AC72223D63183004C28E7 /* Master */,
			);
			path = Modules;
			sourceTree = "<group>";
		};
		656AC72223D63183004C28E7 /* Master */ = {
			isa = PBXGroup;
			children = (
				656AC72423D63193004C28E7 /* supporting views */,
				656AC6F623D61610004C28E7 /* ViewController.swift */,
			);
			path = Master;
			sourceTree = "<group>";
		};
		656AC72323D63187004C28E7 /* Detail */ = {
			isa = PBXGroup;
			children = (
			);
			path = Detail;
			sourceTree = "<group>";
		};
		656AC72423D63193004C28E7 /* supporting views */ = {
			isa = PBXGroup;
			children = (
				656AC72523D631A6004C28E7 /* UserCollectionViewCell.swift */,
				656AC72623D631A6004C28E7 /* UserCollectionViewCell.xib */,
			);
			path = "supporting views";
			sourceTree = "<group>";
		};
		65738D9E23D63B5F008EEF24 /* Extensions */ = {
			isa = PBXGroup;
			children = (
				65738D9F23D63B6C008EEF24 /* String+stringMatching.swift */,
			);
			path = Extensions;
			sourceTree = "<group>";
		};
		D4743FF40CC0EDCD67545CEC /* Pods */ = {
			isa = PBXGroup;
			children = (
				B36483CE0E7D1EB47D43D35B /* Pods-FirebaseAthletesTest.debug.xcconfig */,
				BC3F071BA78D38767441A289 /* Pods-FirebaseAthletesTest.release.xcconfig */,
				AF8DF85B56302D67B12FBF65 /* Pods-FirebaseAthletesTestTests.debug.xcconfig */,
				1903C466FA70A6D75FDB39EC /* Pods-FirebaseAthletesTestTests.release.xcconfig */,
			);
			path = Pods;
			sourceTree = "<group>";
		};
/* End PBXGroup section */

/* Begin PBXNativeTarget section */
		656AC6EE23D61610004C28E7 /* FirebaseAthletesTest */ = {
			isa = PBXNativeTarget;
			buildConfigurationList = 656AC70E23D61613004C28E7 /* Build configuration list for PBXNativeTarget "FirebaseAthletesTest" */;
			buildPhases = (
				5B27C8F70E9F9B7BC3D4A399 /* [CP] Check Pods Manifest.lock */,
				656AC6EB23D61610004C28E7 /* Sources */,
				656AC6EC23D61610004C28E7 /* Frameworks */,
				656AC6ED23D61610004C28E7 /* Resources */,
				6247B302CF63FAD6B9EFF540 /* [CP] Embed Pods Frameworks */,
				656AC72A23D632E7004C28E7 /* Cocoapods sucks */,
			);
			buildRules = (
			);
			dependencies = (
			);
			name = FirebaseAthletesTest;
			productName = FirebaseAthletesTest;
			productReference = 656AC6EF23D61610004C28E7 /* FirebaseAthletesTest.app */;
			productType = "com.apple.product-type.application";
		};
		656AC70423D61613004C28E7 /* FirebaseAthletesTestTests */ = {
			isa = PBXNativeTarget;
			buildConfigurationList = 656AC71123D61613004C28E7 /* Build configuration list for PBXNativeTarget "FirebaseAthletesTestTests" */;
			buildPhases = (
				DFDADF2C345B0A0D89441A07 /* [CP] Check Pods Manifest.lock */,
				656AC70123D61613004C28E7 /* Sources */,
				656AC70223D61613004C28E7 /* Frameworks */,
				656AC70323D61613004C28E7 /* Resources */,
			);
			buildRules = (
			);
			dependencies = (
				656AC70723D61613004C28E7 /* PBXTargetDependency */,
			);
			name = FirebaseAthletesTestTests;
			productName = FirebaseAthletesTestTests;
			productReference = 656AC70523D61613004C28E7 /* FirebaseAthletesTestTests.xctest */;
			productType = "com.apple.product-type.bundle.unit-test";
		};
/* End PBXNativeTarget section */

/* Begin PBXProject section */
		656AC6E723D61610004C28E7 /* Project object */ = {
			isa = PBXProject;
			attributes = {
				LastSwiftUpdateCheck = 1130;
				LastUpgradeCheck = 1130;
				ORGANIZATIONNAME = "Daniel Illescas Romero";
				TargetAttributes = {
					656AC6EE23D61610004C28E7 = {
						CreatedOnToolsVersion = 11.3;
					};
					656AC70423D61613004C28E7 = {
						CreatedOnToolsVersion = 11.3;
						TestTargetID = 656AC6EE23D61610004C28E7;
					};
				};
			};
			buildConfigurationList = 656AC6EA23D61610004C28E7 /* Build configuration list for PBXProject "FirebaseAthletesTest" */;
			compatibilityVersion = "Xcode 9.3";
			developmentRegion = en;
			hasScannedForEncodings = 0;
			knownRegions = (
				en,
				Base,
			);
			mainGroup = 656AC6E623D61610004C28E7;
			productRefGroup = 656AC6F023D61610004C28E7 /* Products */;
			projectDirPath = "";
			projectRoot = "";
			targets = (
				656AC6EE23D61610004C28E7 /* FirebaseAthletesTest */,
				656AC70423D61613004C28E7 /* FirebaseAthletesTestTests */,
			);
		};
/* End PBXProject section */

/* Begin PBXResourcesBuildPhase section */
		656AC6ED23D61610004C28E7 /* Resources */ = {
			isa = PBXResourcesBuildPhase;
			buildActionMask = 2147483647;
			files = (
				656AC6FF23D61612004C28E7 /* LaunchScreen.storyboard in Resources */,
				656AC72823D631A6004C28E7 /* UserCollectionViewCell.xib in Resources */,
				656AC71523D6174A004C28E7 /* GoogleService-Info.plist in Resources */,
				656AC6FC23D61612004C28E7 /* Assets.xcassets in Resources */,
				656AC6FA23D61610004C28E7 /* Main.storyboard in Resources */,
			);
			runOnlyForDeploymentPostprocessing = 0;
		};
		656AC70323D61613004C28E7 /* Resources */ = {
			isa = PBXResourcesBuildPhase;
			buildActionMask = 2147483647;
			files = (
			);
			runOnlyForDeploymentPostprocessing = 0;
		};
/* End PBXResourcesBuildPhase section */

/* Begin PBXShellScriptBuildPhase section */
		5B27C8F70E9F9B7BC3D4A399 /* [CP] Check Pods Manifest.lock */ = {
			isa = PBXShellScriptBuildPhase;
			buildActionMask = 2147483647;
			files = (
			);
			inputFileListPaths = (
			);
			inputPaths = (
				"${PODS_PODFILE_DIR_PATH}/Podfile.lock",
				"${PODS_ROOT}/Manifest.lock",
			);
			name = "[CP] Check Pods Manifest.lock";
			outputFileListPaths = (
			);
			outputPaths = (
				"$(DERIVED_FILE_DIR)/Pods-FirebaseAthletesTest-checkManifestLockResult.txt",
			);
			runOnlyForDeploymentPostprocessing = 0;
			shellPath = /bin/sh;
			shellScript = "diff \"${PODS_PODFILE_DIR_PATH}/Podfile.lock\" \"${PODS_ROOT}/Manifest.lock\" > /dev/null\nif [ $? != 0 ] ; then\n    # print error to STDERR\n    echo \"error: The sandbox is not in sync with the Podfile.lock. Run 'pod install' or update your CocoaPods installation.\" >&2\n    exit 1\nfi\n# This output is used by Xcode 'outputs' to avoid re-running this script phase.\necho \"SUCCESS\" > \"${SCRIPT_OUTPUT_FILE_0}\"\n";
			showEnvVarsInLog = 0;
		};
		6247B302CF63FAD6B9EFF540 /* [CP] Embed Pods Frameworks */ = {
			isa = PBXShellScriptBuildPhase;
			buildActionMask = 2147483647;
			files = (
			);
			inputFileListPaths = (
				"${PODS_ROOT}/Target Support Files/Pods-FirebaseAthletesTest/Pods-FirebaseAthletesTest-frameworks-${CONFIGURATION}-input-files.xcfilelist",
			);
			name = "[CP] Embed Pods Frameworks";
			outputFileListPaths = (
				"${PODS_ROOT}/Target Support Files/Pods-FirebaseAthletesTest/Pods-FirebaseAthletesTest-frameworks-${CONFIGURATION}-output-files.xcfilelist",
			);
			runOnlyForDeploymentPostprocessing = 0;
			shellPath = /bin/sh;
			shellScript = "\"${PODS_ROOT}/Target Support Files/Pods-FirebaseAthletesTest/Pods-FirebaseAthletesTest-frameworks.sh\"\n";
			showEnvVarsInLog = 0;
		};
		656AC72A23D632E7004C28E7 /* Cocoapods sucks */ = {
			isa = PBXShellScriptBuildPhase;
			buildActionMask = 2147483647;
			files = (
			);
			inputFileListPaths = (
			);
			inputPaths = (
			);
			name = "Cocoapods sucks";
			outputFileListPaths = (
			);
			outputPaths = (
			);
			runOnlyForDeploymentPostprocessing = 0;
			shellPath = /bin/sh;
			shellScript = "# https://forums.developer.apple.com/thread/46223\nfunction removeHeaders() {  \n    find $BUILD_ROOT/  -name '*.h' -exec rm -f {} \\; \n}  \nremoveHeaders\n";
		};
		DFDADF2C345B0A0D89441A07 /* [CP] Check Pods Manifest.lock */ = {
			isa = PBXShellScriptBuildPhase;
			buildActionMask = 2147483647;
			files = (
			);
			inputFileListPaths = (
			);
			inputPaths = (
				"${PODS_PODFILE_DIR_PATH}/Podfile.lock",
				"${PODS_ROOT}/Manifest.lock",
			);
			name = "[CP] Check Pods Manifest.lock";
			outputFileListPaths = (
			);
			outputPaths = (
				"$(DERIVED_FILE_DIR)/Pods-FirebaseAthletesTestTests-checkManifestLockResult.txt",
			);
			runOnlyForDeploymentPostprocessing = 0;
			shellPath = /bin/sh;
			shellScript = "diff \"${PODS_PODFILE_DIR_PATH}/Podfile.lock\" \"${PODS_ROOT}/Manifest.lock\" > /dev/null\nif [ $? != 0 ] ; then\n    # print error to STDERR\n    echo \"error: The sandbox is not in sync with the Podfile.lock. Run 'pod install' or update your CocoaPods installation.\" >&2\n    exit 1\nfi\n# This output is used by Xcode 'outputs' to avoid re-running this script phase.\necho \"SUCCESS\" > \"${SCRIPT_OUTPUT_FILE_0}\"\n";
			showEnvVarsInLog = 0;
		};
/* End PBXShellScriptBuildPhase section */

/* Begin PBXSourcesBuildPhase section */
		656AC6EB23D61610004C28E7 /* Sources */ = {
			isa = PBXSourcesBuildPhase;
			buildActionMask = 2147483647;
			files = (
				656AC71923D61DEE004C28E7 /* FirebaseModel.swift in Sources */,
				656AC6F723D61610004C28E7 /* ViewController.swift in Sources */,
				656AC6F323D61610004C28E7 /* AppDelegate.swift in Sources */,
				65738DA023D63B6C008EEF24 /* String+stringMatching.swift in Sources */,
				656AC71C23D61E58004C28E7 /* User.swift in Sources */,
				656AC71E23D6236F004C28E7 /* UserList.swift in Sources */,
				656AC72723D631A6004C28E7 /* UserCollectionViewCell.swift in Sources */,
				656AC72023D62CCE004C28E7 /* Firebase+extension.swift in Sources */,
				656AC6F523D61610004C28E7 /* SceneDelegate.swift in Sources */,
			);
			runOnlyForDeploymentPostprocessing = 0;
		};
		656AC70123D61613004C28E7 /* Sources */ = {
			isa = PBXSourcesBuildPhase;
			buildActionMask = 2147483647;
			files = (
				656AC70A23D61613004C28E7 /* FirebaseAthletesTestTests.swift in Sources */,
			);
			runOnlyForDeploymentPostprocessing = 0;
		};
/* End PBXSourcesBuildPhase section */

/* Begin PBXTargetDependency section */
		656AC70723D61613004C28E7 /* PBXTargetDependency */ = {
			isa = PBXTargetDependency;
			target = 656AC6EE23D61610004C28E7 /* FirebaseAthletesTest */;
			targetProxy = 656AC70623D61613004C28E7 /* PBXContainerItemProxy */;
		};
/* End PBXTargetDependency section */

/* Begin PBXVariantGroup section */
		656AC6F823D61610004C28E7 /* Main.storyboard */ = {
			isa = PBXVariantGroup;
			children = (
				656AC6F923D61610004C28E7 /* Base */,
			);
			name = Main.storyboard;
			sourceTree = "<group>";
		};
		656AC6FD23D61612004C28E7 /* LaunchScreen.storyboard */ = {
			isa = PBXVariantGroup;
			children = (
				656AC6FE23D61612004C28E7 /* Base */,
			);
			name = LaunchScreen.storyboard;
			sourceTree = "<group>";
		};
/* End PBXVariantGroup section */

/* Begin XCBuildConfiguration section */
		656AC70C23D61613004C28E7 /* Debug */ = {
			isa = XCBuildConfiguration;
			buildSettings = {
				ALWAYS_SEARCH_USER_PATHS = NO;
				CLANG_ANALYZER_NONNULL = YES;
				CLANG_ANALYZER_NUMBER_OBJECT_CONVERSION = YES_AGGRESSIVE;
				CLANG_CXX_LANGUAGE_STANDARD = "gnu++14";
				CLANG_CXX_LIBRARY = "libc++";
				CLANG_ENABLE_MODULES = YES;
				CLANG_ENABLE_OBJC_ARC = YES;
				CLANG_ENABLE_OBJC_WEAK = YES;
				CLANG_WARN_BLOCK_CAPTURE_AUTORELEASING = YES;
				CLANG_WARN_BOOL_CONVERSION = YES;
				CLANG_WARN_COMMA = YES;
				CLANG_WARN_CONSTANT_CONVERSION = YES;
				CLANG_WARN_DEPRECATED_OBJC_IMPLEMENTATIONS = YES;
				CLANG_WARN_DIRECT_OBJC_ISA_USAGE = YES_ERROR;
				CLANG_WARN_DOCUMENTATION_COMMENTS = YES;
				CLANG_WARN_EMPTY_BODY = YES;
				CLANG_WARN_ENUM_CONVERSION = YES;
				CLANG_WARN_INFINITE_RECURSION = YES;
				CLANG_WARN_INT_CONVERSION = YES;
				CLANG_WARN_NON_LITERAL_NULL_CONVERSION = YES;
				CLANG_WARN_OBJC_IMPLICIT_RETAIN_SELF = YES;
				CLANG_WARN_OBJC_LITERAL_CONVERSION = YES;
				CLANG_WARN_OBJC_ROOT_CLASS = YES_ERROR;
				CLANG_WARN_RANGE_LOOP_ANALYSIS = YES;
				CLANG_WARN_STRICT_PROTOTYPES = YES;
				CLANG_WARN_SUSPICIOUS_MOVE = YES;
				CLANG_WARN_UNGUARDED_AVAILABILITY = YES_AGGRESSIVE;
				CLANG_WARN_UNREACHABLE_CODE = YES;
				CLANG_WARN__DUPLICATE_METHOD_MATCH = YES;
				COPY_PHASE_STRIP = NO;
				DEBUG_INFORMATION_FORMAT = dwarf;
				ENABLE_STRICT_OBJC_MSGSEND = YES;
				ENABLE_TESTABILITY = YES;
				GCC_C_LANGUAGE_STANDARD = gnu11;
				GCC_DYNAMIC_NO_PIC = NO;
				GCC_NO_COMMON_BLOCKS = YES;
				GCC_OPTIMIZATION_LEVEL = 0;
				GCC_PREPROCESSOR_DEFINITIONS = (
					"DEBUG=1",
					"$(inherited)",
				);
				GCC_WARN_64_TO_32_BIT_CONVERSION = YES;
				GCC_WARN_ABOUT_RETURN_TYPE = YES_ERROR;
				GCC_WARN_UNDECLARED_SELECTOR = YES;
				GCC_WARN_UNINITIALIZED_AUTOS = YES_AGGRESSIVE;
				GCC_WARN_UNUSED_FUNCTION = YES;
				GCC_WARN_UNUSED_VARIABLE = YES;
				IPHONEOS_DEPLOYMENT_TARGET = 13.2;
				MTL_ENABLE_DEBUG_INFO = INCLUDE_SOURCE;
				MTL_FAST_MATH = YES;
				ONLY_ACTIVE_ARCH = YES;
				SDKROOT = iphoneos;
				SWIFT_ACTIVE_COMPILATION_CONDITIONS = DEBUG;
				SWIFT_OPTIMIZATION_LEVEL = "-Onone";
			};
			name = Debug;
		};
		656AC70D23D61613004C28E7 /* Release */ = {
			isa = XCBuildConfiguration;
			buildSettings = {
				ALWAYS_SEARCH_USER_PATHS = NO;
				CLANG_ANALYZER_NONNULL = YES;
				CLANG_ANALYZER_NUMBER_OBJECT_CONVERSION = YES_AGGRESSIVE;
				CLANG_CXX_LANGUAGE_STANDARD = "gnu++14";
				CLANG_CXX_LIBRARY = "libc++";
				CLANG_ENABLE_MODULES = YES;
				CLANG_ENABLE_OBJC_ARC = YES;
				CLANG_ENABLE_OBJC_WEAK = YES;
				CLANG_WARN_BLOCK_CAPTURE_AUTORELEASING = YES;
				CLANG_WARN_BOOL_CONVERSION = YES;
				CLANG_WARN_COMMA = YES;
				CLANG_WARN_CONSTANT_CONVERSION = YES;
				CLANG_WARN_DEPRECATED_OBJC_IMPLEMENTATIONS = YES;
				CLANG_WARN_DIRECT_OBJC_ISA_USAGE = YES_ERROR;
				CLANG_WARN_DOCUMENTATION_COMMENTS = YES;
				CLANG_WARN_EMPTY_BODY = YES;
				CLANG_WARN_ENUM_CONVERSION = YES;
				CLANG_WARN_INFINITE_RECURSION = YES;
				CLANG_WARN_INT_CONVERSION = YES;
				CLANG_WARN_NON_LITERAL_NULL_CONVERSION = YES;
				CLANG_WARN_OBJC_IMPLICIT_RETAIN_SELF = YES;
				CLANG_WARN_OBJC_LITERAL_CONVERSION = YES;
				CLANG_WARN_OBJC_ROOT_CLASS = YES_ERROR;
				CLANG_WARN_RANGE_LOOP_ANALYSIS = YES;
				CLANG_WARN_STRICT_PROTOTYPES = YES;
				CLANG_WARN_SUSPICIOUS_MOVE = YES;
				CLANG_WARN_UNGUARDED_AVAILABILITY = YES_AGGRESSIVE;
				CLANG_WARN_UNREACHABLE_CODE = YES;
				CLANG_WARN__DUPLICATE_METHOD_MATCH = YES;
				COPY_PHASE_STRIP = NO;
				DEBUG_INFORMATION_FORMAT = "dwarf-with-dsym";
				ENABLE_NS_ASSERTIONS = NO;
				ENABLE_STRICT_OBJC_MSGSEND = YES;
				GCC_C_LANGUAGE_STANDARD = gnu11;
				GCC_NO_COMMON_BLOCKS = YES;
				GCC_WARN_64_TO_32_BIT_CONVERSION = YES;
				GCC_WARN_ABOUT_RETURN_TYPE = YES_ERROR;
				GCC_WARN_UNDECLARED_SELECTOR = YES;
				GCC_WARN_UNINITIALIZED_AUTOS = YES_AGGRESSIVE;
				GCC_WARN_UNUSED_FUNCTION = YES;
				GCC_WARN_UNUSED_VARIABLE = YES;
				IPHONEOS_DEPLOYMENT_TARGET = 13.2;
				MTL_ENABLE_DEBUG_INFO = NO;
				MTL_FAST_MATH = YES;
				SDKROOT = iphoneos;
				SWIFT_COMPILATION_MODE = wholemodule;
				SWIFT_OPTIMIZATION_LEVEL = "-O";
				VALIDATE_PRODUCT = YES;
			};
			name = Release;
		};
		656AC70F23D61613004C28E7 /* Debug */ = {
			isa = XCBuildConfiguration;
			baseConfigurationReference = B36483CE0E7D1EB47D43D35B /* Pods-FirebaseAthletesTest.debug.xcconfig */;
			buildSettings = {
				ASSETCATALOG_COMPILER_APPICON_NAME = AppIcon;
				CODE_SIGN_STYLE = Automatic;
				DEVELOPMENT_TEAM = 52SZT5H49E;
				INFOPLIST_FILE = FirebaseAthletesTest/Info.plist;
				LD_RUNPATH_SEARCH_PATHS = (
					"$(inherited)",
					"@executable_path/Frameworks",
				);
				PRODUCT_BUNDLE_IDENTIFIER = "es.illescas-daniel-test.firebaseAthletes.FirebaseAthletesTest";
				PRODUCT_NAME = "$(TARGET_NAME)";
				SWIFT_VERSION = 5.0;
				TARGETED_DEVICE_FAMILY = "1,2";
			};
			name = Debug;
		};
		656AC71023D61613004C28E7 /* Release */ = {
			isa = XCBuildConfiguration;
			baseConfigurationReference = BC3F071BA78D38767441A289 /* Pods-FirebaseAthletesTest.release.xcconfig */;
			buildSettings = {
				ASSETCATALOG_COMPILER_APPICON_NAME = AppIcon;
				CODE_SIGN_STYLE = Automatic;
				DEVELOPMENT_TEAM = 52SZT5H49E;
				INFOPLIST_FILE = FirebaseAthletesTest/Info.plist;
				LD_RUNPATH_SEARCH_PATHS = (
					"$(inherited)",
					"@executable_path/Frameworks",
				);
				PRODUCT_BUNDLE_IDENTIFIER = "es.illescas-daniel-test.firebaseAthletes.FirebaseAthletesTest";
				PRODUCT_NAME = "$(TARGET_NAME)";
				SWIFT_VERSION = 5.0;
				TARGETED_DEVICE_FAMILY = "1,2";
			};
			name = Release;
		};
		656AC71223D61613004C28E7 /* Debug */ = {
			isa = XCBuildConfiguration;
			baseConfigurationReference = AF8DF85B56302D67B12FBF65 /* Pods-FirebaseAthletesTestTests.debug.xcconfig */;
			buildSettings = {
				ALWAYS_EMBED_SWIFT_STANDARD_LIBRARIES = YES;
				BUNDLE_LOADER = "$(TEST_HOST)";
				CODE_SIGN_STYLE = Automatic;
				DEVELOPMENT_TEAM = 52SZT5H49E;
				INFOPLIST_FILE = FirebaseAthletesTestTests/Info.plist;
				IPHONEOS_DEPLOYMENT_TARGET = 13.2;
				LD_RUNPATH_SEARCH_PATHS = (
					"$(inherited)",
					"@executable_path/Frameworks",
					"@loader_path/Frameworks",
				);
				PRODUCT_BUNDLE_IDENTIFIER = "es.illescas-daniel-test.firebaseAthletes.FirebaseAthletesTestTests";
				PRODUCT_NAME = "$(TARGET_NAME)";
				SWIFT_VERSION = 5.0;
				TARGETED_DEVICE_FAMILY = "1,2";
				TEST_HOST = "$(BUILT_PRODUCTS_DIR)/FirebaseAthletesTest.app/FirebaseAthletesTest";
			};
			name = Debug;
		};
		656AC71323D61613004C28E7 /* Release */ = {
			isa = XCBuildConfiguration;
			baseConfigurationReference = 1903C466FA70A6D75FDB39EC /* Pods-FirebaseAthletesTestTests.release.xcconfig */;
			buildSettings = {
				ALWAYS_EMBED_SWIFT_STANDARD_LIBRARIES = YES;
				BUNDLE_LOADER = "$(TEST_HOST)";
				CODE_SIGN_STYLE = Automatic;
				DEVELOPMENT_TEAM = 52SZT5H49E;
				INFOPLIST_FILE = FirebaseAthletesTestTests/Info.plist;
				IPHONEOS_DEPLOYMENT_TARGET = 13.2;
				LD_RUNPATH_SEARCH_PATHS = (
					"$(inherited)",
					"@executable_path/Frameworks",
					"@loader_path/Frameworks",
				);
				PRODUCT_BUNDLE_IDENTIFIER = "es.illescas-daniel-test.firebaseAthletes.FirebaseAthletesTestTests";
				PRODUCT_NAME = "$(TARGET_NAME)";
				SWIFT_VERSION = 5.0;
				TARGETED_DEVICE_FAMILY = "1,2";
				TEST_HOST = "$(BUILT_PRODUCTS_DIR)/FirebaseAthletesTest.app/FirebaseAthletesTest";
			};
			name = Release;
		};
/* End XCBuildConfiguration section */

/* Begin XCConfigurationList section */
		656AC6EA23D61610004C28E7 /* Build configuration list for PBXProject "FirebaseAthletesTest" */ = {
			isa = XCConfigurationList;
			buildConfigurations = (
				656AC70C23D61613004C28E7 /* Debug */,
				656AC70D23D61613004C28E7 /* Release */,
			);
			defaultConfigurationIsVisible = 0;
			defaultConfigurationName = Release;
		};
		656AC70E23D61613004C28E7 /* Build configuration list for PBXNativeTarget "FirebaseAthletesTest" */ = {
			isa = XCConfigurationList;
			buildConfigurations = (
				656AC70F23D61613004C28E7 /* Debug */,
				656AC71023D61613004C28E7 /* Release */,
			);
			defaultConfigurationIsVisible = 0;
			defaultConfigurationName = Release;
		};
		656AC71123D61613004C28E7 /* Build configuration list for PBXNativeTarget "FirebaseAthletesTestTests" */ = {
			isa = XCConfigurationList;
			buildConfigurations = (
				656AC71223D61613004C28E7 /* Debug */,
				656AC71323D61613004C28E7 /* Release */,
			);
			defaultConfigurationIsVisible = 0;
			defaultConfigurationName = Release;
		};
/* End XCConfigurationList section */
	};
	rootObject = 656AC6E723D61610004C28E7 /* Project object */;
}
